{
  "name": "@petercjl/taobao-ai-ops",
  "version": "0.3.0",
  "lockfileVersion": 3,
  "requires": true,
  "packages": {
    "": {
      "name": "@petercjl/taobao-ai-ops",
      "version": "0.3.0",
      "license": "UNLICENSED",
      "bin": {
        "taobao-ai-ops": "bin/taobao-ai-ops.mjs"
      },
      "engines": {
        "node": ">=20"
      }
    }
  }
}
